
Microsoft Visual Studio Solution File, Format Version 12.00
# Visual Studio Version 17
VisualStudioVersion = 17.3.32929.385
MinimumVisualStudioVersion = 10.0.40219.1
Project("{FAE04EC0-301F-11D3-BF4B-00C04F79EFBC}") = "Asp.NetCore_Identity", "Asp.NetCore_Identity\Asp.NetCore_Identity.csproj", "{806796C5-9225-4845-8062-B7D484D08011}"
EndProject
Global
	GlobalSection(SolutionConfigurationPlatforms) = preSolution
		Debug|Any CPU = Debug|Any CPU
		Release|Any CPU = Release|Any CPU
	EndGlobalSection
	GlobalSection(ProjectConfigurationPlatforms) = postSolution
		{806796C5-9225-4845-8062-B7D484D08011}.Debug|Any CPU.ActiveCfg = Debug|Any CPU
		{806796C5-9225-4845-8062-B7D484D08011}.Debug|Any CPU.Build.0 = Debug|Any CPU
		{806796C5-9225-4845-8062-B7D484D08011}.Release|Any CPU.ActiveCfg = Release|Any CPU
		{806796C5-9225-4845-8062-B7D484D08011}.Release|Any CPU.Build.0 = Release|Any CPU
	EndGlobalSection
	GlobalSection(SolutionProperties) = preSolution
		HideSolutionNode = FALSE
	EndGlobalSection
	GlobalSection(ExtensibilityGlobals) = postSolution
		SolutionGuid = {D753416A-31B4-427E-98D6-78EDACD2AC76}
	EndGlobalSection
EndGlobal
